
Microsoft Visual Studio Solution File, Format Version 12.00
# Visual Studio Version 17
VisualStudioVersion = 17.3.32811.315
MinimumVisualStudioVersion = 10.0.40219.1
Project("{2150E333-8FDC-42A3-9474-1A3956D46DE8}") = "User", "User", "{61D36AC0-802C-4259-9497-D761EE9E60EB}"
EndProject
Project("{9A19103F-16F7-4668-BE54-9A1E7A4F7556}") = "OVB.Demos.Ecommerce.Microsservices.User.Domain", "OVB.Demos.Ecommerce.Microsservices.User.Domain\OVB.Demos.Ecommerce.Microsservices.User.Domain.csproj", "{293DBFC9-C5CB-43D4-A07F-E2336DD68231}"
EndProject
Project("{9A19103F-16F7-4668-BE54-9A1E7A4F7556}") = "OVB.Demos.Ecommerce.Microsservices.User.Infrascructure.Data", "OVB.Demos.Ecommerce.Microsservices.User.Infrascructure.Data\OVB.Demos.Ecommerce.Microsservices.User.Infrascructure.Data.csproj", "{9782630E-2487-49EC-A1A0-36990721B72B}"
EndProject
Project("{2150E333-8FDC-42A3-9474-1A3956D46DE8}") = "Documentação", "Documentação", "{550B4AD5-9015-429D-97E7-F205C3ADD1D9}"
	ProjectSection(SolutionItems) = preProject
		README.md = README.md
	EndProjectSection
EndProject
Project("{9A19103F-16F7-4668-BE54-9A1E7A4F7556}") = "OVB.Demos.Ecommerce.Microsservices.User.Services", "OVB.Demos.Ecommerce.Microsservices.User.Services\OVB.Demos.Ecommerce.Microsservices.User.Services.csproj", "{4BF38BC5-E25C-4540-8BD3-4FE49E50B759}"
EndProject
Project("{9A19103F-16F7-4668-BE54-9A1E7A4F7556}") = "OVB.Demos.Ecommerce.Microsservices.User.Api", "OVB.Demos.Ecommerce.Microsservices.User.Api\OVB.Demos.Ecommerce.Microsservices.User.Api.csproj", "{170C5702-7E3E-46C3-89FD-2E1992A6D361}"
EndProject
Project("{FAE04EC0-301F-11D3-BF4B-00C04F79EFBC}") = "OVB.Demos.Ecommerce.Microsservices.User.Tests", "OVB.Demos.Ecommerce.Microsservices.User.Tests\OVB.Demos.Ecommerce.Microsservices.User.Tests.csproj", "{18611258-3831-4357-B08C-A9F447889980}"
EndProject
Global
	GlobalSection(SolutionConfigurationPlatforms) = preSolution
		Debug|Any CPU = Debug|Any CPU
		Release|Any CPU = Release|Any CPU
	EndGlobalSection
	GlobalSection(ProjectConfigurationPlatforms) = postSolution
		{293DBFC9-C5CB-43D4-A07F-E2336DD68231}.Debug|Any CPU.ActiveCfg = Debug|Any CPU
		{293DBFC9-C5CB-43D4-A07F-E2336DD68231}.Debug|Any CPU.Build.0 = Debug|Any CPU
		{293DBFC9-C5CB-43D4-A07F-E2336DD68231}.Release|Any CPU.ActiveCfg = Release|Any CPU
		{293DBFC9-C5CB-43D4-A07F-E2336DD68231}.Release|Any CPU.Build.0 = Release|Any CPU
		{9782630E-2487-49EC-A1A0-36990721B72B}.Debug|Any CPU.ActiveCfg = Debug|Any CPU
		{9782630E-2487-49EC-A1A0-36990721B72B}.Debug|Any CPU.Build.0 = Debug|Any CPU
		{9782630E-2487-49EC-A1A0-36990721B72B}.Release|Any CPU.ActiveCfg = Release|Any CPU
		{9782630E-2487-49EC-A1A0-36990721B72B}.Release|Any CPU.Build.0 = Release|Any CPU
		{4BF38BC5-E25C-4540-8BD3-4FE49E50B759}.Debug|Any CPU.ActiveCfg = Debug|Any CPU
		{4BF38BC5-E25C-4540-8BD3-4FE49E50B759}.Debug|Any CPU.Build.0 = Debug|Any CPU
		{4BF38BC5-E25C-4540-8BD3-4FE49E50B759}.Release|Any CPU.ActiveCfg = Release|Any CPU
		{4BF38BC5-E25C-4540-8BD3-4FE49E50B759}.Release|Any CPU.Build.0 = Release|Any CPU
		{170C5702-7E3E-46C3-89FD-2E1992A6D361}.Debug|Any CPU.ActiveCfg = Debug|Any CPU
		{170C5702-7E3E-46C3-89FD-2E1992A6D361}.Debug|Any CPU.Build.0 = Debug|Any CPU
		{170C5702-7E3E-46C3-89FD-2E1992A6D361}.Release|Any CPU.ActiveCfg = Release|Any CPU
		{170C5702-7E3E-46C3-89FD-2E1992A6D361}.Release|Any CPU.Build.0 = Release|Any CPU
		{18611258-3831-4357-B08C-A9F447889980}.Debug|Any CPU.ActiveCfg = Debug|Any CPU
		{18611258-3831-4357-B08C-A9F447889980}.Debug|Any CPU.Build.0 = Debug|Any CPU
		{18611258-3831-4357-B08C-A9F447889980}.Release|Any CPU.ActiveCfg = Release|Any CPU
		{18611258-3831-4357-B08C-A9F447889980}.Release|Any CPU.Build.0 = Release|Any CPU
	EndGlobalSection
	GlobalSection(SolutionProperties) = preSolution
		HideSolutionNode = FALSE
	EndGlobalSection
	GlobalSection(NestedProjects) = preSolution
		{293DBFC9-C5CB-43D4-A07F-E2336DD68231} = {61D36AC0-802C-4259-9497-D761EE9E60EB}
		{9782630E-2487-49EC-A1A0-36990721B72B} = {61D36AC0-802C-4259-9497-D761EE9E60EB}
		{4BF38BC5-E25C-4540-8BD3-4FE49E50B759} = {61D36AC0-802C-4259-9497-D761EE9E60EB}
		{170C5702-7E3E-46C3-89FD-2E1992A6D361} = {61D36AC0-802C-4259-9497-D761EE9E60EB}
		{18611258-3831-4357-B08C-A9F447889980} = {61D36AC0-802C-4259-9497-D761EE9E60EB}
	EndGlobalSection
	GlobalSection(ExtensibilityGlobals) = postSolution
		SolutionGuid = {E5E8158D-197D-4B33-9CB4-8BDB99C87DC4}
	EndGlobalSection
EndGlobal
