
Microsoft Visual Studio Solution File, Format Version 12.00
# Visual Studio Version 17
VisualStudioVersion = 17.3.32811.315
MinimumVisualStudioVersion = 10.0.40219.1
Project("{9A19103F-16F7-4668-BE54-9A1E7A4F7556}") = "OVB.Demos.Ecommerce.Microsservices.User.Api", "OVB.Demos.Ecommerce.Microsservices.User.Api\OVB.Demos.Ecommerce.Microsservices.User.Api.csproj", "{1A3BCFBE-1FBA-4FE2-A0FD-2848A9AA48BC}"
EndProject
Project("{9A19103F-16F7-4668-BE54-9A1E7A4F7556}") = "OVB.Demos.Ecommerce.Microsservices.User.Domain", "OVB.Demos.Ecommerce.Microsservices.User.Domain\OVB.Demos.Ecommerce.Microsservices.User.Domain.csproj", "{E6559A61-936F-4726-AEF3-44642D140842}"
EndProject
Project("{9A19103F-16F7-4668-BE54-9A1E7A4F7556}") = "OVB.Demos.Ecommerce.Microsservices.User.Infrascructure.Data", "OVB.Demos.Ecommerce.Microsservices.User.Infrascructure.Data\OVB.Demos.Ecommerce.Microsservices.User.Infrascructure.Data.csproj", "{2575AD34-C3B4-40F8-9C74-9BD730A795D8}"
EndProject
Project("{9A19103F-16F7-4668-BE54-9A1E7A4F7556}") = "OVB.Demos.Ecommerce.Microsservices.User.Services", "OVB.Demos.Ecommerce.Microsservices.User.Services\OVB.Demos.Ecommerce.Microsservices.User.Services.csproj", "{766888E3-2279-4ABC-B4A8-08917FB624FD}"
EndProject
Project("{9A19103F-16F7-4668-BE54-9A1E7A4F7556}") = "OVB.Demos.Ecommerce.Microsservices.User.Services.gRPC", "OVB.Demos.Ecommerce.Microsservices.User.Services.gRPC\OVB.Demos.Ecommerce.Microsservices.User.Services.gRPC.csproj", "{110B249D-1097-46E0-9B0F-07EC36C843C7}"
EndProject
Project("{9A19103F-16F7-4668-BE54-9A1E7A4F7556}") = "OVB.Demos.Ecommerce.Microsservices.User.Tests", "OVB.Demos.Ecommerce.Microsservices.User.Tests\OVB.Demos.Ecommerce.Microsservices.User.Tests.csproj", "{A593CFC7-CD9F-4FE7-AA96-1CD0E0FDE9C7}"
EndProject
Project("{2150E333-8FDC-42A3-9474-1A3956D46DE8}") = "Itens de Solução", "Itens de Solução", "{48A86F46-5F37-469E-ACF9-11D752615706}"
	ProjectSection(SolutionItems) = preProject
		.github\workflows\build.yml = .github\workflows\build.yml
	EndProjectSection
EndProject
Global
	GlobalSection(SolutionConfigurationPlatforms) = preSolution
		Debug|Any CPU = Debug|Any CPU
		Release|Any CPU = Release|Any CPU
	EndGlobalSection
	GlobalSection(ProjectConfigurationPlatforms) = postSolution
		{1A3BCFBE-1FBA-4FE2-A0FD-2848A9AA48BC}.Debug|Any CPU.ActiveCfg = Debug|Any CPU
		{1A3BCFBE-1FBA-4FE2-A0FD-2848A9AA48BC}.Debug|Any CPU.Build.0 = Debug|Any CPU
		{1A3BCFBE-1FBA-4FE2-A0FD-2848A9AA48BC}.Release|Any CPU.ActiveCfg = Release|Any CPU
		{1A3BCFBE-1FBA-4FE2-A0FD-2848A9AA48BC}.Release|Any CPU.Build.0 = Release|Any CPU
		{E6559A61-936F-4726-AEF3-44642D140842}.Debug|Any CPU.ActiveCfg = Debug|Any CPU
		{E6559A61-936F-4726-AEF3-44642D140842}.Debug|Any CPU.Build.0 = Debug|Any CPU
		{E6559A61-936F-4726-AEF3-44642D140842}.Release|Any CPU.ActiveCfg = Release|Any CPU
		{E6559A61-936F-4726-AEF3-44642D140842}.Release|Any CPU.Build.0 = Release|Any CPU
		{2575AD34-C3B4-40F8-9C74-9BD730A795D8}.Debug|Any CPU.ActiveCfg = Debug|Any CPU
		{2575AD34-C3B4-40F8-9C74-9BD730A795D8}.Debug|Any CPU.Build.0 = Debug|Any CPU
		{2575AD34-C3B4-40F8-9C74-9BD730A795D8}.Release|Any CPU.ActiveCfg = Release|Any CPU
		{2575AD34-C3B4-40F8-9C74-9BD730A795D8}.Release|Any CPU.Build.0 = Release|Any CPU
		{766888E3-2279-4ABC-B4A8-08917FB624FD}.Debug|Any CPU.ActiveCfg = Debug|Any CPU
		{766888E3-2279-4ABC-B4A8-08917FB624FD}.Debug|Any CPU.Build.0 = Debug|Any CPU
		{766888E3-2279-4ABC-B4A8-08917FB624FD}.Release|Any CPU.ActiveCfg = Release|Any CPU
		{766888E3-2279-4ABC-B4A8-08917FB624FD}.Release|Any CPU.Build.0 = Release|Any CPU
		{110B249D-1097-46E0-9B0F-07EC36C843C7}.Debug|Any CPU.ActiveCfg = Debug|Any CPU
		{110B249D-1097-46E0-9B0F-07EC36C843C7}.Debug|Any CPU.Build.0 = Debug|Any CPU
		{110B249D-1097-46E0-9B0F-07EC36C843C7}.Release|Any CPU.ActiveCfg = Release|Any CPU
		{110B249D-1097-46E0-9B0F-07EC36C843C7}.Release|Any CPU.Build.0 = Release|Any CPU
		{A593CFC7-CD9F-4FE7-AA96-1CD0E0FDE9C7}.Debug|Any CPU.ActiveCfg = Debug|Any CPU
		{A593CFC7-CD9F-4FE7-AA96-1CD0E0FDE9C7}.Debug|Any CPU.Build.0 = Debug|Any CPU
		{A593CFC7-CD9F-4FE7-AA96-1CD0E0FDE9C7}.Release|Any CPU.ActiveCfg = Release|Any CPU
		{A593CFC7-CD9F-4FE7-AA96-1CD0E0FDE9C7}.Release|Any CPU.Build.0 = Release|Any CPU
	EndGlobalSection
	GlobalSection(SolutionProperties) = preSolution
		HideSolutionNode = FALSE
	EndGlobalSection
	GlobalSection(ExtensibilityGlobals) = postSolution
		SolutionGuid = {2BF31490-30BA-4276-8083-576EEC6CAB51}
	EndGlobalSection
EndGlobal
